// !$*UTF8*$!
{
	archiveVersion = 1;
	classes = {
	};
	objectVersion = 46;
	objects = {

/* Begin PBXBuildFile section */
		2557D5271999BC20008E0E61 /* IBDesgignableView.swift in Sources */ = {isa = PBXBuildFile; fileRef = 2557D5261999BC20008E0E61 /* IBDesgignableView.swift */; };
		256C73801991746700A81710 /* GridViewController.swift in Sources */ = {isa = PBXBuildFile; fileRef = 256C737F1991746700A81710 /* GridViewController.swift */; };
		256C73821991795000A81710 /* PhotoCell.swift in Sources */ = {isa = PBXBuildFile; fileRef = 256C73811991795000A81710 /* PhotoCell.swift */; };
		256C738419917DA100A81710 /* PhotoViewController.swift in Sources */ = {isa = PBXBuildFile; fileRef = 256C738319917DA100A81710 /* PhotoViewController.swift */; };
		256C73851991915300A81710 /* GridViewController.swift in Sources */ = {isa = PBXBuildFile; fileRef = 256C737F1991746700A81710 /* GridViewController.swift */; };
		256C73861991915500A81710 /* PhotoViewController.swift in Sources */ = {isa = PBXBuildFile; fileRef = 256C738319917DA100A81710 /* PhotoViewController.swift */; };
		256C73871991916800A81710 /* PhotoCell.swift in Sources */ = {isa = PBXBuildFile; fileRef = 256C73811991795000A81710 /* PhotoCell.swift */; };
		256C7438199422AD00A81710 /* FilterCollectionViewCell.swift in Sources */ = {isa = PBXBuildFile; fileRef = 256C7437199422AD00A81710 /* FilterCollectionViewCell.swift */; };
		256C743A199423BD00A81710 /* FilterCollectionViewCell.swift in Sources */ = {isa = PBXBuildFile; fileRef = 256C7437199422AD00A81710 /* FilterCollectionViewCell.swift */; };
		256C743C19942C2E00A81710 /* Filter.swift in Sources */ = {isa = PBXBuildFile; fileRef = 256C743B19942C2E00A81710 /* Filter.swift */; };
		256C743E19956EAA00A81710 /* CameraViewController.swift in Sources */ = {isa = PBXBuildFile; fileRef = 256C743D19956EAA00A81710 /* CameraViewController.swift */; };
		259874AA1990195B00ACF5F1 /* AppDelegate.swift in Sources */ = {isa = PBXBuildFile; fileRef = 259874A91990195B00ACF5F1 /* AppDelegate.swift */; };
		259874AC1990195B00ACF5F1 /* ViewController.swift in Sources */ = {isa = PBXBuildFile; fileRef = 259874AB1990195B00ACF5F1 /* ViewController.swift */; };
		259874AF1990195B00ACF5F1 /* Main.storyboard in Resources */ = {isa = PBXBuildFile; fileRef = 259874AD1990195B00ACF5F1 /* Main.storyboard */; };
		259874B11990195B00ACF5F1 /* Images.xcassets in Resources */ = {isa = PBXBuildFile; fileRef = 259874B01990195B00ACF5F1 /* Images.xcassets */; };
		259874BD1990195B00ACF5F1 /* ImageFilterAppTests.swift in Sources */ = {isa = PBXBuildFile; fileRef = 259874BC1990195B00ACF5F1 /* ImageFilterAppTests.swift */; };
		259874C619901A6100ACF5F1 /* ViewController.swift in Sources */ = {isa = PBXBuildFile; fileRef = 259874AB1990195B00ACF5F1 /* ViewController.swift */; };
/* End PBXBuildFile section */

/* Begin PBXContainerItemProxy section */
		259874B71990195B00ACF5F1 /* PBXContainerItemProxy */ = {
			isa = PBXContainerItemProxy;
			containerPortal = 2598749C1990195A00ACF5F1 /* Project object */;
			proxyType = 1;
			remoteGlobalIDString = 259874A31990195A00ACF5F1;
			remoteInfo = ImageFilterApp;
		};
/* End PBXContainerItemProxy section */

/* Begin PBXFileReference section */
		2557D5261999BC20008E0E61 /* IBDesgignableView.swift */ = {isa = PBXFileReference; fileEncoding = 4; lastKnownFileType = sourcecode.swift; path = IBDesgignableView.swift; sourceTree = "<group>"; };
		256C737F1991746700A81710 /* GridViewController.swift */ = {isa = PBXFileReference; fileEncoding = 4; lastKnownFileType = sourcecode.swift; path = GridViewController.swift; sourceTree = "<group>"; };
		256C73811991795000A81710 /* PhotoCell.swift */ = {isa = PBXFileReference; fileEncoding = 4; lastKnownFileType = sourcecode.swift; path = PhotoCell.swift; sourceTree = "<group>"; };
		256C738319917DA100A81710 /* PhotoViewController.swift */ = {isa = PBXFileReference; fileEncoding = 4; lastKnownFileType = sourcecode.swift; path = PhotoViewController.swift; sourceTree = "<group>"; };
		256C7437199422AD00A81710 /* FilterCollectionViewCell.swift */ = {isa = PBXFileReference; fileEncoding = 4; lastKnownFileType = sourcecode.swift; path = FilterCollectionViewCell.swift; sourceTree = "<group>"; };
		256C743B19942C2E00A81710 /* Filter.swift */ = {isa = PBXFileReference; fileEncoding = 4; lastKnownFileType = sourcecode.swift; path = Filter.swift; sourceTree = "<group>"; };
		256C743D19956EAA00A81710 /* CameraViewController.swift */ = {isa = PBXFileReference; fileEncoding = 4; lastKnownFileType = sourcecode.swift; path = CameraViewController.swift; sourceTree = "<group>"; };
		259874A41990195A00ACF5F1 /* ImageFilterApp.app */ = {isa = PBXFileReference; explicitFileType = wrapper.application; includeInIndex = 0; path = ImageFilterApp.app; sourceTree = BUILT_PRODUCTS_DIR; };
		259874A81990195B00ACF5F1 /* Info.plist */ = {isa = PBXFileReference; lastKnownFileType = text.plist.xml; path = Info.plist; sourceTree = "<group>"; };
		259874A91990195B00ACF5F1 /* AppDelegate.swift */ = {isa = PBXFileReference; lastKnownFileType = sourcecode.swift; path = AppDelegate.swift; sourceTree = "<group>"; };
		259874AB1990195B00ACF5F1 /* ViewController.swift */ = {isa = PBXFileReference; lastKnownFileType = sourcecode.swift; path = ViewController.swift; sourceTree = "<group>"; };
		259874AE1990195B00ACF5F1 /* Base */ = {isa = PBXFileReference; lastKnownFileType = file.storyboard; name = Base; path = Base.lproj/Main.storyboard; sourceTree = "<group>"; };
		259874B01990195B00ACF5F1 /* Images.xcassets */ = {isa = PBXFileReference; lastKnownFileType = folder.assetcatalog; path = Images.xcassets; sourceTree = "<group>"; };
		259874B61990195B00ACF5F1 /* ImageFilterAppTests.xctest */ = {isa = PBXFileReference; explicitFileType = wrapper.cfbundle; includeInIndex = 0; path = ImageFilterAppTests.xctest; sourceTree = BUILT_PRODUCTS_DIR; };
		259874BB1990195B00ACF5F1 /* Info.plist */ = {isa = PBXFileReference; lastKnownFileType = text.plist.xml; path = Info.plist; sourceTree = "<group>"; };
		259874BC1990195B00ACF5F1 /* ImageFilterAppTests.swift */ = {isa = PBXFileReference; lastKnownFileType = sourcecode.swift; path = ImageFilterAppTests.swift; sourceTree = "<group>"; };
/* End PBXFileReference section */

/* Begin PBXFrameworksBuildPhase section */
		259874A11990195A00ACF5F1 /* Frameworks */ = {
			isa = PBXFrameworksBuildPhase;
			buildActionMask = 2147483647;
			files = (
			);
			runOnlyForDeploymentPostprocessing = 0;
		};
		259874B31990195B00ACF5F1 /* Frameworks */ = {
			isa = PBXFrameworksBuildPhase;
			buildActionMask = 2147483647;
			files = (
			);
			runOnlyForDeploymentPostprocessing = 0;
		};
/* End PBXFrameworksBuildPhase section */

/* Begin PBXGroup section */
		256C743319941C2C00A81710 /* Model */ = {
			isa = PBXGroup;
			children = (
				256C743B19942C2E00A81710 /* Filter.swift */,
				256C73811991795000A81710 /* PhotoCell.swift */,
				256C7437199422AD00A81710 /* FilterCollectionViewCell.swift */,
				2557D5261999BC20008E0E61 /* IBDesgignableView.swift */,
			);
			name = Model;
			sourceTree = "<group>";
		};
		256C743419941C3000A81710 /* Controller */ = {
			isa = PBXGroup;
			children = (
				259874AB1990195B00ACF5F1 /* ViewController.swift */,
				256C737F1991746700A81710 /* GridViewController.swift */,
				256C738319917DA100A81710 /* PhotoViewController.swift */,
				256C743D19956EAA00A81710 /* CameraViewController.swift */,
			);
			name = Controller;
			sourceTree = "<group>";
		};
		2598749B1990195A00ACF5F1 = {
			isa = PBXGroup;
			children = (
				259874A61990195A00ACF5F1 /* ImageFilterApp */,
				259874B91990195B00ACF5F1 /* ImageFilterAppTests */,
				259874A51990195A00ACF5F1 /* Products */,
			);
			sourceTree = "<group>";
		};
		259874A51990195A00ACF5F1 /* Products */ = {
			isa = PBXGroup;
			children = (
				259874A41990195A00ACF5F1 /* ImageFilterApp.app */,
				259874B61990195B00ACF5F1 /* ImageFilterAppTests.xctest */,
			);
			name = Products;
			sourceTree = "<group>";
		};
		259874A61990195A00ACF5F1 /* ImageFilterApp */ = {
			isa = PBXGroup;
			children = (
				256C743419941C3000A81710 /* Controller */,
				256C743319941C2C00A81710 /* Model */,
				259874A91990195B00ACF5F1 /* AppDelegate.swift */,
				259874AD1990195B00ACF5F1 /* Main.storyboard */,
				259874B01990195B00ACF5F1 /* Images.xcassets */,
				259874A71990195A00ACF5F1 /* Supporting Files */,
			);
			path = ImageFilterApp;
			sourceTree = "<group>";
		};
		259874A71990195A00ACF5F1 /* Supporting Files */ = {
			isa = PBXGroup;
			children = (
				259874A81990195B00ACF5F1 /* Info.plist */,
			);
			name = "Supporting Files";
			sourceTree = "<group>";
		};
		259874B91990195B00ACF5F1 /* ImageFilterAppTests */ = {
			isa = PBXGroup;
			children = (
				259874BC1990195B00ACF5F1 /* ImageFilterAppTests.swift */,
				259874BA1990195B00ACF5F1 /* Supporting Files */,
			);
			path = ImageFilterAppTests;
			sourceTree = "<group>";
		};
		259874BA1990195B00ACF5F1 /* Supporting Files */ = {
			isa = PBXGroup;
			children = (
				259874BB1990195B00ACF5F1 /* Info.plist */,
			);
			name = "Supporting Files";
			sourceTree = "<group>";
		};
/* End PBXGroup section */

/* Begin PBXNativeTarget section */
		259874A31990195A00ACF5F1 /* ImageFilterApp */ = {
			isa = PBXNativeTarget;
			buildConfigurationList = 259874C01990195B00ACF5F1 /* Build configuration list for PBXNativeTarget "ImageFilterApp" */;
			buildPhases = (
				259874A01990195A00ACF5F1 /* Sources */,
				259874A11990195A00ACF5F1 /* Frameworks */,
				259874A21990195A00ACF5F1 /* Resources */,
			);
			buildRules = (
			);
			dependencies = (
			);
			name = ImageFilterApp;
			productName = ImageFilterApp;
			productReference = 259874A41990195A00ACF5F1 /* ImageFilterApp.app */;
			productType = "com.apple.product-type.application";
		};
		259874B51990195B00ACF5F1 /* ImageFilterAppTests */ = {
			isa = PBXNativeTarget;
			buildConfigurationList = 259874C31990195B00ACF5F1 /* Build configuration list for PBXNativeTarget "ImageFilterAppTests" */;
			buildPhases = (
				259874B21990195B00ACF5F1 /* Sources */,
				259874B31990195B00ACF5F1 /* Frameworks */,
				259874B41990195B00ACF5F1 /* Resources */,
			);
			buildRules = (
			);
			dependencies = (
				259874B81990195B00ACF5F1 /* PBXTargetDependency */,
			);
			name = ImageFilterAppTests;
			productName = ImageFilterAppTests;
			productReference = 259874B61990195B00ACF5F1 /* ImageFilterAppTests.xctest */;
			productType = "com.apple.product-type.bundle.unit-test";
		};
/* End PBXNativeTarget section */

/* Begin PBXProject section */
		2598749C1990195A00ACF5F1 /* Project object */ = {
			isa = PBXProject;
			attributes = {
				LastUpgradeCheck = 0600;
				ORGANIZATIONNAME = "Jeff Gayle";
				TargetAttributes = {
					259874A31990195A00ACF5F1 = {
						CreatedOnToolsVersion = 6.0;
					};
					259874B51990195B00ACF5F1 = {
						CreatedOnToolsVersion = 6.0;
						TestTargetID = 259874A31990195A00ACF5F1;
					};
				};
			};
			buildConfigurationList = 2598749F1990195A00ACF5F1 /* Build configuration list for PBXProject "ImageFilterApp" */;
			compatibilityVersion = "Xcode 3.2";
			developmentRegion = English;
			hasScannedForEncodings = 0;
			knownRegions = (
				en,
				Base,
			);
			mainGroup = 2598749B1990195A00ACF5F1;
			productRefGroup = 259874A51990195A00ACF5F1 /* Products */;
			projectDirPath = "";
			projectRoot = "";
			targets = (
				259874A31990195A00ACF5F1 /* ImageFilterApp */,
				259874B51990195B00ACF5F1 /* ImageFilterAppTests */,
			);
		};
/* End PBXProject section */

/* Begin PBXResourcesBuildPhase section */
		259874A21990195A00ACF5F1 /* Resources */ = {
			isa = PBXResourcesBuildPhase;
			buildActionMask = 2147483647;
			files = (
				259874AF1990195B00ACF5F1 /* Main.storyboard in Resources */,
				259874B11990195B00ACF5F1 /* Images.xcassets in Resources */,
			);
			runOnlyForDeploymentPostprocessing = 0;
		};
		259874B41990195B00ACF5F1 /* Resources */ = {
			isa = PBXResourcesBuildPhase;
			buildActionMask = 2147483647;
			files = (
			);
			runOnlyForDeploymentPostprocessing = 0;
		};
/* End PBXResourcesBuildPhase section */

/* Begin PBXSourcesBuildPhase section */
		259874A01990195A00ACF5F1 /* Sources */ = {
			isa = PBXSourcesBuildPhase;
			buildActionMask = 2147483647;
			files = (
				256C743C19942C2E00A81710 /* Filter.swift in Sources */,
				259874AC1990195B00ACF5F1 /* ViewController.swift in Sources */,
				256C73821991795000A81710 /* PhotoCell.swift in Sources */,
				259874AA1990195B00ACF5F1 /* AppDelegate.swift in Sources */,
				256C73801991746700A81710 /* GridViewController.swift in Sources */,
				256C743E19956EAA00A81710 /* CameraViewController.swift in Sources */,
				256C7438199422AD00A81710 /* FilterCollectionViewCell.swift in Sources */,
				2557D5271999BC20008E0E61 /* IBDesgignableView.swift in Sources */,
				256C738419917DA100A81710 /* PhotoViewController.swift in Sources */,
			);
			runOnlyForDeploymentPostprocessing = 0;
		};
		259874B21990195B00ACF5F1 /* Sources */ = {
			isa = PBXSourcesBuildPhase;
			buildActionMask = 2147483647;
			files = (
				259874C619901A6100ACF5F1 /* ViewController.swift in Sources */,
				256C73871991916800A81710 /* PhotoCell.swift in Sources */,
				256C73861991915500A81710 /* PhotoViewController.swift in Sources */,
				259874BD1990195B00ACF5F1 /* ImageFilterAppTests.swift in Sources */,
				256C743A199423BD00A81710 /* FilterCollectionViewCell.swift in Sources */,
				256C73851991915300A81710 /* GridViewController.swift in Sources */,
			);
			runOnlyForDeploymentPostprocessing = 0;
		};
/* End PBXSourcesBuildPhase section */

/* Begin PBXTargetDependency section */
		259874B81990195B00ACF5F1 /* PBXTargetDependency */ = {
			isa = PBXTargetDependency;
			target = 259874A31990195A00ACF5F1 /* ImageFilterApp */;
			targetProxy = 259874B71990195B00ACF5F1 /* PBXContainerItemProxy */;
		};
/* End PBXTargetDependency section */

/* Begin PBXVariantGroup section */
		259874AD1990195B00ACF5F1 /* Main.storyboard */ = {
			isa = PBXVariantGroup;
			children = (
				259874AE1990195B00ACF5F1 /* Base */,
			);
			name = Main.storyboard;
			sourceTree = "<group>";
		};
/* End PBXVariantGroup section */

/* Begin XCBuildConfiguration section */
		259874BE1990195B00ACF5F1 /* Debug */ = {
			isa = XCBuildConfiguration;
			buildSettings = {
				ALWAYS_SEARCH_USER_PATHS = NO;
				CLANG_CXX_LANGUAGE_STANDARD = "gnu++0x";
				CLANG_CXX_LIBRARY = "libc++";
				CLANG_ENABLE_MODULES = YES;
				CLANG_ENABLE_OBJC_ARC = YES;
				CLANG_WARN_BOOL_CONVERSION = YES;
				CLANG_WARN_CONSTANT_CONVERSION = YES;
				CLANG_WARN_DIRECT_OBJC_ISA_USAGE = YES_ERROR;
				CLANG_WARN_EMPTY_BODY = YES;
				CLANG_WARN_ENUM_CONVERSION = YES;
				CLANG_WARN_INT_CONVERSION = YES;
				CLANG_WARN_OBJC_ROOT_CLASS = YES_ERROR;
				CLANG_WARN_UNREACHABLE_CODE = YES;
				CLANG_WARN__DUPLICATE_METHOD_MATCH = YES;
				"CODE_SIGN_IDENTITY[sdk=iphoneos*]" = "iPhone Developer";
				COPY_PHASE_STRIP = NO;
				ENABLE_STRICT_OBJC_MSGSEND = YES;
				GCC_C_LANGUAGE_STANDARD = gnu99;
				GCC_DYNAMIC_NO_PIC = NO;
				GCC_OPTIMIZATION_LEVEL = 0;
				GCC_PREPROCESSOR_DEFINITIONS = (
					"DEBUG=1",
					"$(inherited)",
				);
				GCC_SYMBOLS_PRIVATE_EXTERN = NO;
				GCC_WARN_64_TO_32_BIT_CONVERSION = YES;
				GCC_WARN_ABOUT_RETURN_TYPE = YES_ERROR;
				GCC_WARN_UNDECLARED_SELECTOR = YES;
				GCC_WARN_UNINITIALIZED_AUTOS = YES_AGGRESSIVE;
				GCC_WARN_UNUSED_FUNCTION = YES;
				GCC_WARN_UNUSED_VARIABLE = YES;
				IPHONEOS_DEPLOYMENT_TARGET = 8.0;
				MTL_ENABLE_DEBUG_INFO = YES;
				ONLY_ACTIVE_ARCH = YES;
				SDKROOT = iphoneos;
				SWIFT_OPTIMIZATION_LEVEL = "-Onone";
				TARGETED_DEVICE_FAMILY = "1,2";
			};
			name = Debug;
		};
		259874BF1990195B00ACF5F1 /* Release */ = {
			isa = XCBuildConfiguration;
			buildSettings = {
				ALWAYS_SEARCH_USER_PATHS = NO;
				CLANG_CXX_LANGUAGE_STANDARD = "gnu++0x";
				CLANG_CXX_LIBRARY = "libc++";
				CLANG_ENABLE_MODULES = YES;
				CLANG_ENABLE_OBJC_ARC = YES;
				CLANG_WARN_BOOL_CONVERSION = YES;
				CLANG_WARN_CONSTANT_CONVERSION = YES;
				CLANG_WARN_DIRECT_OBJC_ISA_USAGE = YES_ERROR;
				CLANG_WARN_EMPTY_BODY = YES;
				CLANG_WARN_ENUM_CONVERSION = YES;
				CLANG_WARN_INT_CONVERSION = YES;
				CLANG_WARN_OBJC_ROOT_CLASS = YES_ERROR;
				CLANG_WARN_UNREACHABLE_CODE = YES;
				CLANG_WARN__DUPLICATE_METHOD_MATCH = YES;
				"CODE_SIGN_IDENTITY[sdk=iphoneos*]" = "iPhone Developer";
				COPY_PHASE_STRIP = YES;
				ENABLE_NS_ASSERTIONS = NO;
				ENABLE_STRICT_OBJC_MSGSEND = YES;
				GCC_C_LANGUAGE_STANDARD = gnu99;
				GCC_WARN_64_TO_32_BIT_CONVERSION = YES;
				GCC_WARN_ABOUT_RETURN_TYPE = YES_ERROR;
				GCC_WARN_UNDECLARED_SELECTOR = YES;
				GCC_WARN_UNINITIALIZED_AUTOS = YES_AGGRESSIVE;
				GCC_WARN_UNUSED_FUNCTION = YES;
				GCC_WARN_UNUSED_VARIABLE = YES;
				IPHONEOS_DEPLOYMENT_TARGET = 8.0;
				MTL_ENABLE_DEBUG_INFO = NO;
				SDKROOT = iphoneos;
				TARGETED_DEVICE_FAMILY = "1,2";
				VALIDATE_PRODUCT = YES;
			};
			name = Release;
		};
		259874C11990195B00ACF5F1 /* Debug */ = {
			isa = XCBuildConfiguration;
			buildSettings = {
				ASSETCATALOG_COMPILER_APPICON_NAME = AppIcon;
				ASSETCATALOG_COMPILER_LAUNCHIMAGE_NAME = LaunchImage;
				INFOPLIST_FILE = ImageFilterApp/Info.plist;
				LD_RUNPATH_SEARCH_PATHS = "$(inherited) @executable_path/Frameworks";
				PRODUCT_NAME = "$(TARGET_NAME)";
			};
			name = Debug;
		};
		259874C21990195B00ACF5F1 /* Release */ = {
			isa = XCBuildConfiguration;
			buildSettings = {
				ASSETCATALOG_COMPILER_APPICON_NAME = AppIcon;
				ASSETCATALOG_COMPILER_LAUNCHIMAGE_NAME = LaunchImage;
				INFOPLIST_FILE = ImageFilterApp/Info.plist;
				LD_RUNPATH_SEARCH_PATHS = "$(inherited) @executable_path/Frameworks";
				PRODUCT_NAME = "$(TARGET_NAME)";
			};
			name = Release;
		};
		259874C41990195B00ACF5F1 /* Debug */ = {
			isa = XCBuildConfiguration;
			buildSettings = {
				BUNDLE_LOADER = "$(BUILT_PRODUCTS_DIR)/ImageFilterApp.app/ImageFilterApp";
				FRAMEWORK_SEARCH_PATHS = (
					"$(SDKROOT)/Developer/Library/Frameworks",
					"$(inherited)",
				);
				GCC_PREPROCESSOR_DEFINITIONS = (
					"DEBUG=1",
					"$(inherited)",
				);
				INFOPLIST_FILE = ImageFilterAppTests/Info.plist;
				LD_RUNPATH_SEARCH_PATHS = "$(inherited) @executable_path/Frameworks @loader_path/Frameworks";
				PRODUCT_NAME = "$(TARGET_NAME)";
				TEST_HOST = "$(BUNDLE_LOADER)";
			};
			name = Debug;
		};
		259874C51990195B00ACF5F1 /* Release */ = {
			isa = XCBuildConfiguration;
			buildSettings = {
				BUNDLE_LOADER = "$(BUILT_PRODUCTS_DIR)/ImageFilterApp.app/ImageFilterApp";
				FRAMEWORK_SEARCH_PATHS = (
					"$(SDKROOT)/Developer/Library/Frameworks",
					"$(inherited)",
				);
				INFOPLIST_FILE = ImageFilterAppTests/Info.plist;
				LD_RUNPATH_SEARCH_PATHS = "$(inherited) @executable_path/Frameworks @loader_path/Frameworks";
				PRODUCT_NAME = "$(TARGET_NAME)";
				TEST_HOST = "$(BUNDLE_LOADER)";
			};
			name = Release;
		};
/* End XCBuildConfiguration section */

/* Begin XCConfigurationList section */
		2598749F1990195A00ACF5F1 /* Build configuration list for PBXProject "ImageFilterApp" */ = {
			isa = XCConfigurationList;
			buildConfigurations = (
				259874BE1990195B00ACF5F1 /* Debug */,
				259874BF1990195B00ACF5F1 /* Release */,
			);
			defaultConfigurationIsVisible = 0;
			defaultConfigurationName = Release;
		};
		259874C01990195B00ACF5F1 /* Build configuration list for PBXNativeTarget "ImageFilterApp" */ = {
			isa = XCConfigurationList;
			buildConfigurations = (
				259874C11990195B00ACF5F1 /* Debug */,
				259874C21990195B00ACF5F1 /* Release */,
			);
			defaultConfigurationIsVisible = 0;
			defaultConfigurationName = Release;
		};
		259874C31990195B00ACF5F1 /* Build configuration list for PBXNativeTarget "ImageFilterAppTests" */ = {
			isa = XCConfigurationList;
			buildConfigurations = (
				259874C41990195B00ACF5F1 /* Debug */,
				259874C51990195B00ACF5F1 /* Release */,
			);
			defaultConfigurationIsVisible = 0;
			defaultConfigurationName = Release;
		};
/* End XCConfigurationList section */
	};
	rootObject = 2598749C1990195A00ACF5F1 /* Project object */;
}
